
Microsoft Visual Studio Solution File, Format Version 12.00
# Visual Studio Version 16
VisualStudioVersion = 16.0.31624.102
MinimumVisualStudioVersion = 10.0.40219.1
Project("{FAE04EC0-301F-11D3-BF4B-00C04F79EFBC}") = "WindowsFormsApp1", "WindowsFormsApp1.csproj", "{E83F3EFC-5370-4A48-A6E4-99F28DBD354A}"
EndProject
Global
	GlobalSection(SolutionConfigurationPlatforms) = preSolution
		Debug|Any CPU = Debug|Any CPU
		Release|Any CPU = Release|Any CPU
	EndGlobalSection
	GlobalSection(ProjectConfigurationPlatforms) = postSolution
		{E83F3EFC-5370-4A48-A6E4-99F28DBD354A}.Debug|Any CPU.ActiveCfg = Debug|Any CPU
		{E83F3EFC-5370-4A48-A6E4-99F28DBD354A}.Debug|Any CPU.Build.0 = Debug|Any CPU
		{E83F3EFC-5370-4A48-A6E4-99F28DBD354A}.Release|Any CPU.ActiveCfg = Release|Any CPU
		{E83F3EFC-5370-4A48-A6E4-99F28DBD354A}.Release|Any CPU.Build.0 = Release|Any CPU
	EndGlobalSection
	GlobalSection(SolutionProperties) = preSolution
		HideSolutionNode = FALSE
	EndGlobalSection
	GlobalSection(ExtensibilityGlobals) = postSolution
		SolutionGuid = {69C0BC9E-3B29-463B-BF33-B4764DD264E1}
	EndGlobalSection
EndGlobal
